<?xml version="1.0" encoding="UTF-8" standalone="yes" ?>
<CodeBlocks_project_file>
	<FileVersion major="1" minor="6" />
	<Project>
		<Option title="JeuSynthese" />
		<Option pch_mode="2" />
		<Option compiler="gcc" />
		<Build>
			<Target title="Debug">
				<Option output="bin/Debug/JeuSynthese" prefix_auto="1" extension_auto="1" />
				<Option object_output="obj/Debug/" />
				<Option type="1" />
				<Option compiler="gcc" />
				<Compiler>
					<Add option="-std=c++11" />
					<Add option="-g" />
					<Add directory="include" />
				</Compiler>
				<Linker>
					<Add library="GL" />
					<Add library="glfw3" />
					<Add library="Xi" />
					<Add library="dl" />
					<Add library="X11" />
					<Add library="Xrandr" />
					<Add library="Xcursor" />
					<Add library="Xxf86vm" />
					<Add library="m" />
					<Add library="Xinerama" />
					<Add library="freetype" />
					<Add library="pthread" />
				</Linker>
			</Target>
			<Target title="Release">
				<Option output="bin/Release/JeuSynthese" prefix_auto="1" extension_auto="1" />
				<Option object_output="obj/Release/" />
				<Option type="1" />
				<Option compiler="gcc" />
				<Compiler>
					<Add option="-O2" />
					<Add option="-std=c++11" />
				</Compiler>
				<Linker>
					<Add option="-s" />
				</Linker>
			</Target>
		</Build>
		<Compiler>
			<Add option="-Wall" />
			<Add directory="include" />
		</Compiler>
		<Linker>
			<Add library="GL" />
			<Add library="glfw3" />
			<Add library="Xi" />
			<Add library="dl" />
			<Add library="X11" />
			<Add library="Xrandr" />
			<Add library="Xcursor" />
			<Add library="Xxf86vm" />
			<Add library="m" />
			<Add library="Xinerama" />
			<Add library="freetype" />
			<Add library="pthread" />
		</Linker>
		<Unit filename="affichage.cpp" />
		<Unit filename="affichage.h" />
		<Unit filename="ai.h" />
		<Unit filename="glad.c">
			<Option compilerVar="CC" />
		</Unit>
		<Unit filename="ia.cpp" />
		<Unit filename="ia.h" />
		<Unit filename="item.cpp" />
		<Unit filename="item.h" />
		<Unit filename="jeu.cpp" />
		<Unit filename="jeu.h" />
		<Unit filename="lanceur.cpp" />
		<Unit filename="lanceur.h" />
		<Unit filename="main.cpp" />
		<Unit filename="modele.cpp" />
		<Unit filename="modele.h" />
		<Unit filename="modeleitem.cpp" />
		<Unit filename="modeleitem.h" />
		<Unit filename="modelelanceur.cpp" />
		<Unit filename="modelelanceur.h" />
		<Unit filename="modeleprojectile.cpp" />
		<Unit filename="modeleprojectile.h" />
		<Unit filename="modelesphere.cpp" />
		<Unit filename="modelesphere.h" />
		<Unit filename="modelesurface.cpp" />
		<Unit filename="modelesurface.h" />
		<Unit filename="objetjeu.cpp" />
		<Unit filename="objetjeu.h" />
		<Unit filename="objetjeumobile.cpp" />
		<Unit filename="objetjeumobile.h" />
		<Unit filename="projectile.cpp" />
		<Unit filename="projectile.h" />
		<Unit filename="projectile1.cpp" />
		<Unit filename="projectile1.h" />
		<Unit filename="projectile2.cpp" />
		<Unit filename="projectile2.h" />
		<Unit filename="sphere.cpp" />
		<Unit filename="sphere.h" />
		<Unit filename="stb_image.cpp" />
		<Unit filename="surface.cpp" />
		<Unit filename="surface.h" />
		<Unit filename="terrain.cpp" />
		<Unit filename="terrain.h" />
		<Unit filename="text_rendering.cpp" />
		<Unit filename="text_rendering.h" />
		<Extensions>
			<code_completion />
			<debugger />
		</Extensions>
	</Project>
</CodeBlocks_project_file>
